// !$*UTF8*$!
{
	archiveVersion = 1;
	classes = {
	};
	objectVersion = 46;
	objects = {

/* Begin PBXBuildFile section */
		CF829A791B67F2BA0056AC89 /* main.m in Sources */ = {isa = PBXBuildFile; fileRef = CF829A781B67F2BA0056AC89 /* main.m */; };
		CF829A7C1B67F2BA0056AC89 /* AppDelegate.m in Sources */ = {isa = PBXBuildFile; fileRef = CF829A7B1B67F2BA0056AC89 /* AppDelegate.m */; };
		CF829A821B67F2BA0056AC89 /* SecondViewController.m in Sources */ = {isa = PBXBuildFile; fileRef = CF829A811B67F2BA0056AC89 /* SecondViewController.m */; };
		CF829A851B67F2BA0056AC89 /* Main.storyboard in Resources */ = {isa = PBXBuildFile; fileRef = CF829A831B67F2BA0056AC89 /* Main.storyboard */; };
		CF829A871B67F2BA0056AC89 /* Images.xcassets in Resources */ = {isa = PBXBuildFile; fileRef = CF829A861B67F2BA0056AC89 /* Images.xcassets */; };
		CF829A8A1B67F2BA0056AC89 /* LaunchScreen.xib in Resources */ = {isa = PBXBuildFile; fileRef = CF829A881B67F2BA0056AC89 /* LaunchScreen.xib */; };
		CF829A961B67F2BA0056AC89 /* SmartManagerTests.m in Sources */ = {isa = PBXBuildFile; fileRef = CF829A951B67F2BA0056AC89 /* SmartManagerTests.m */; };
		CF829AA11B67F8DF0056AC89 /* MainTableViewController.m in Sources */ = {isa = PBXBuildFile; fileRef = CF829AA01B67F8DF0056AC89 /* MainTableViewController.m */; };
		CF829AA41B67F9100056AC89 /* CustomExpandingCell.m in Sources */ = {isa = PBXBuildFile; fileRef = CF829AA31B67F9100056AC89 /* CustomExpandingCell.m */; };
		CF829AA71B67FB340056AC89 /* CustomTaskCell.m in Sources */ = {isa = PBXBuildFile; fileRef = CF829AA61B67FB340056AC89 /* CustomTaskCell.m */; };
		CFA504531BBD971500CDA342 /* AddTaskViewController.m in Sources */ = {isa = PBXBuildFile; fileRef = CFA504521BBD971500CDA342 /* AddTaskViewController.m */; settings = {ASSET_TAGS = (); }; };
		CFA504551BBDA08A00CDA342 /* AddressBook.framework in Frameworks */ = {isa = PBXBuildFile; fileRef = CFA504541BBDA08A00CDA342 /* AddressBook.framework */; };
		CFA504571BBDA09000CDA342 /* AddressBookUI.framework in Frameworks */ = {isa = PBXBuildFile; fileRef = CFA504561BBDA09000CDA342 /* AddressBookUI.framework */; };
		CFA5045A1BBDA1DD00CDA342 /* Appearance.m in Sources */ = {isa = PBXBuildFile; fileRef = CFA504591BBDA1DD00CDA342 /* Appearance.m */; settings = {ASSET_TAGS = (); }; };
		CFA5045D1BBDC83200CDA342 /* Employee.m in Sources */ = {isa = PBXBuildFile; fileRef = CFA5045C1BBDC83200CDA342 /* Employee.m */; settings = {ASSET_TAGS = (); }; };
		CFA504651BBDC8C000CDA342 /* Bolts.framework in Frameworks */ = {isa = PBXBuildFile; fileRef = CFA5045F1BBDC8C000CDA342 /* Bolts.framework */; settings = {ASSET_TAGS = (); }; };
		CFA504661BBDC8C000CDA342 /* Parse.framework in Frameworks */ = {isa = PBXBuildFile; fileRef = CFA504601BBDC8C000CDA342 /* Parse.framework */; settings = {ASSET_TAGS = (); }; };
		CFA504671BBDC8C000CDA342 /* ParseCrashReporting.framework in Frameworks */ = {isa = PBXBuildFile; fileRef = CFA504611BBDC8C000CDA342 /* ParseCrashReporting.framework */; settings = {ASSET_TAGS = (); }; };
		CFA504681BBDC8C000CDA342 /* ParseFacebookUtils.framework in Frameworks */ = {isa = PBXBuildFile; fileRef = CFA504621BBDC8C000CDA342 /* ParseFacebookUtils.framework */; settings = {ASSET_TAGS = (); }; };
		CFA504691BBDC8C000CDA342 /* ParseFacebookUtilsV4.framework in Frameworks */ = {isa = PBXBuildFile; fileRef = CFA504631BBDC8C000CDA342 /* ParseFacebookUtilsV4.framework */; settings = {ASSET_TAGS = (); }; };
		CFA5046A1BBDC8C000CDA342 /* ParseUI.framework in Frameworks */ = {isa = PBXBuildFile; fileRef = CFA504641BBDC8C000CDA342 /* ParseUI.framework */; settings = {ASSET_TAGS = (); }; };
		CFA5046C1BBDC8EC00CDA342 /* AudioToolbox.framework in Frameworks */ = {isa = PBXBuildFile; fileRef = CFA5046B1BBDC8EC00CDA342 /* AudioToolbox.framework */; };
		CFA5046E1BBDC8F500CDA342 /* CFNetwork.framework in Frameworks */ = {isa = PBXBuildFile; fileRef = CFA5046D1BBDC8F500CDA342 /* CFNetwork.framework */; };
		CFA504701BBDC8FD00CDA342 /* CoreGraphics.framework in Frameworks */ = {isa = PBXBuildFile; fileRef = CFA5046F1BBDC8FD00CDA342 /* CoreGraphics.framework */; };
		CFA504721BBDC90500CDA342 /* CoreLocation.framework in Frameworks */ = {isa = PBXBuildFile; fileRef = CFA504711BBDC90500CDA342 /* CoreLocation.framework */; };
		CFA504741BBDC90D00CDA342 /* QuartzCore.framework in Frameworks */ = {isa = PBXBuildFile; fileRef = CFA504731BBDC90D00CDA342 /* QuartzCore.framework */; };
		CFA504761BBDC91600CDA342 /* Security.framework in Frameworks */ = {isa = PBXBuildFile; fileRef = CFA504751BBDC91600CDA342 /* Security.framework */; };
		CFA504781BBDC91D00CDA342 /* StoreKit.framework in Frameworks */ = {isa = PBXBuildFile; fileRef = CFA504771BBDC91D00CDA342 /* StoreKit.framework */; };
		CFA5047A1BBDC92500CDA342 /* SystemConfiguration.framework in Frameworks */ = {isa = PBXBuildFile; fileRef = CFA504791BBDC92500CDA342 /* SystemConfiguration.framework */; };
		CFA5047C1BBDC93000CDA342 /* libz.tbd in Frameworks */ = {isa = PBXBuildFile; fileRef = CFA5047B1BBDC93000CDA342 /* libz.tbd */; };
		CFA5047E1BBDC93B00CDA342 /* libsqlite3.tbd in Frameworks */ = {isa = PBXBuildFile; fileRef = CFA5047D1BBDC93B00CDA342 /* libsqlite3.tbd */; };
		CFA504801BBDC94400CDA342 /* Accounts.framework in Frameworks */ = {isa = PBXBuildFile; fileRef = CFA5047F1BBDC94400CDA342 /* Accounts.framework */; };
		CFA504821BBDC94A00CDA342 /* Social.framework in Frameworks */ = {isa = PBXBuildFile; fileRef = CFA504811BBDC94A00CDA342 /* Social.framework */; };
		CFA504851BBDCB5400CDA342 /* EmployeeController.m in Sources */ = {isa = PBXBuildFile; fileRef = CFA504841BBDCB5400CDA342 /* EmployeeController.m */; settings = {ASSET_TAGS = (); }; };
/* End PBXBuildFile section */

/* Begin PBXContainerItemProxy section */
		CF829A901B67F2BA0056AC89 /* PBXContainerItemProxy */ = {
			isa = PBXContainerItemProxy;
			containerPortal = CF829A6B1B67F2BA0056AC89 /* Project object */;
			proxyType = 1;
			remoteGlobalIDString = CF829A721B67F2BA0056AC89;
			remoteInfo = SmartManager;
		};
/* End PBXContainerItemProxy section */

/* Begin PBXFileReference section */
		CF829A731B67F2BA0056AC89 /* SmartManager.app */ = {isa = PBXFileReference; explicitFileType = wrapper.application; includeInIndex = 0; path = SmartManager.app; sourceTree = BUILT_PRODUCTS_DIR; };
		CF829A771B67F2BA0056AC89 /* Info.plist */ = {isa = PBXFileReference; lastKnownFileType = text.plist.xml; path = Info.plist; sourceTree = "<group>"; };
		CF829A781B67F2BA0056AC89 /* main.m */ = {isa = PBXFileReference; lastKnownFileType = sourcecode.c.objc; path = main.m; sourceTree = "<group>"; };
		CF829A7A1B67F2BA0056AC89 /* AppDelegate.h */ = {isa = PBXFileReference; lastKnownFileType = sourcecode.c.h; path = AppDelegate.h; sourceTree = "<group>"; };
		CF829A7B1B67F2BA0056AC89 /* AppDelegate.m */ = {isa = PBXFileReference; lastKnownFileType = sourcecode.c.objc; path = AppDelegate.m; sourceTree = "<group>"; };
		CF829A801B67F2BA0056AC89 /* SecondViewController.h */ = {isa = PBXFileReference; lastKnownFileType = sourcecode.c.h; path = SecondViewController.h; sourceTree = "<group>"; };
		CF829A811B67F2BA0056AC89 /* SecondViewController.m */ = {isa = PBXFileReference; lastKnownFileType = sourcecode.c.objc; path = SecondViewController.m; sourceTree = "<group>"; };
		CF829A841B67F2BA0056AC89 /* Base */ = {isa = PBXFileReference; lastKnownFileType = file.storyboard; name = Base; path = Base.lproj/Main.storyboard; sourceTree = "<group>"; };
		CF829A861B67F2BA0056AC89 /* Images.xcassets */ = {isa = PBXFileReference; lastKnownFileType = folder.assetcatalog; path = Images.xcassets; sourceTree = "<group>"; };
		CF829A891B67F2BA0056AC89 /* Base */ = {isa = PBXFileReference; lastKnownFileType = file.xib; name = Base; path = Base.lproj/LaunchScreen.xib; sourceTree = "<group>"; };
		CF829A8F1B67F2BA0056AC89 /* SmartManagerTests.xctest */ = {isa = PBXFileReference; explicitFileType = wrapper.cfbundle; includeInIndex = 0; path = SmartManagerTests.xctest; sourceTree = BUILT_PRODUCTS_DIR; };
		CF829A941B67F2BA0056AC89 /* Info.plist */ = {isa = PBXFileReference; lastKnownFileType = text.plist.xml; path = Info.plist; sourceTree = "<group>"; };
		CF829A951B67F2BA0056AC89 /* SmartManagerTests.m */ = {isa = PBXFileReference; lastKnownFileType = sourcecode.c.objc; path = SmartManagerTests.m; sourceTree = "<group>"; };
		CF829A9F1B67F8DF0056AC89 /* MainTableViewController.h */ = {isa = PBXFileReference; fileEncoding = 4; lastKnownFileType = sourcecode.c.h; path = MainTableViewController.h; sourceTree = "<group>"; };
		CF829AA01B67F8DF0056AC89 /* MainTableViewController.m */ = {isa = PBXFileReference; fileEncoding = 4; lastKnownFileType = sourcecode.c.objc; path = MainTableViewController.m; sourceTree = "<group>"; };
		CF829AA21B67F9100056AC89 /* CustomExpandingCell.h */ = {isa = PBXFileReference; fileEncoding = 4; lastKnownFileType = sourcecode.c.h; path = CustomExpandingCell.h; sourceTree = "<group>"; };
		CF829AA31B67F9100056AC89 /* CustomExpandingCell.m */ = {isa = PBXFileReference; fileEncoding = 4; lastKnownFileType = sourcecode.c.objc; path = CustomExpandingCell.m; sourceTree = "<group>"; };
		CF829AA51B67FB340056AC89 /* CustomTaskCell.h */ = {isa = PBXFileReference; fileEncoding = 4; lastKnownFileType = sourcecode.c.h; path = CustomTaskCell.h; sourceTree = "<group>"; };
		CF829AA61B67FB340056AC89 /* CustomTaskCell.m */ = {isa = PBXFileReference; fileEncoding = 4; lastKnownFileType = sourcecode.c.objc; path = CustomTaskCell.m; sourceTree = "<group>"; };
		CFA504511BBD971500CDA342 /* AddTaskViewController.h */ = {isa = PBXFileReference; fileEncoding = 4; lastKnownFileType = sourcecode.c.h; path = AddTaskViewController.h; sourceTree = "<group>"; };
		CFA504521BBD971500CDA342 /* AddTaskViewController.m */ = {isa = PBXFileReference; fileEncoding = 4; lastKnownFileType = sourcecode.c.objc; path = AddTaskViewController.m; sourceTree = "<group>"; };
		CFA504541BBDA08A00CDA342 /* AddressBook.framework */ = {isa = PBXFileReference; lastKnownFileType = wrapper.framework; name = AddressBook.framework; path = System/Library/Frameworks/AddressBook.framework; sourceTree = SDKROOT; };
		CFA504561BBDA09000CDA342 /* AddressBookUI.framework */ = {isa = PBXFileReference; lastKnownFileType = wrapper.framework; name = AddressBookUI.framework; path = System/Library/Frameworks/AddressBookUI.framework; sourceTree = SDKROOT; };
		CFA504581BBDA1DC00CDA342 /* Appearance.h */ = {isa = PBXFileReference; fileEncoding = 4; lastKnownFileType = sourcecode.c.h; path = Appearance.h; sourceTree = "<group>"; };
		CFA504591BBDA1DD00CDA342 /* Appearance.m */ = {isa = PBXFileReference; fileEncoding = 4; lastKnownFileType = sourcecode.c.objc; path = Appearance.m; sourceTree = "<group>"; };
		CFA5045B1BBDC83200CDA342 /* Employee.h */ = {isa = PBXFileReference; fileEncoding = 4; lastKnownFileType = sourcecode.c.h; path = Employee.h; sourceTree = "<group>"; };
		CFA5045C1BBDC83200CDA342 /* Employee.m */ = {isa = PBXFileReference; fileEncoding = 4; lastKnownFileType = sourcecode.c.objc; path = Employee.m; sourceTree = "<group>"; };
		CFA5045F1BBDC8C000CDA342 /* Bolts.framework */ = {isa = PBXFileReference; lastKnownFileType = wrapper.framework; name = Bolts.framework; path = "parse-library-1.7.5/Bolts.framework"; sourceTree = "<group>"; };
		CFA504601BBDC8C000CDA342 /* Parse.framework */ = {isa = PBXFileReference; lastKnownFileType = wrapper.framework; name = Parse.framework; path = "parse-library-1.7.5/Parse.framework"; sourceTree = "<group>"; };
		CFA504611BBDC8C000CDA342 /* ParseCrashReporting.framework */ = {isa = PBXFileReference; lastKnownFileType = wrapper.framework; name = ParseCrashReporting.framework; path = "parse-library-1.7.5/ParseCrashReporting.framework"; sourceTree = "<group>"; };
		CFA504621BBDC8C000CDA342 /* ParseFacebookUtils.framework */ = {isa = PBXFileReference; lastKnownFileType = wrapper.framework; name = ParseFacebookUtils.framework; path = "parse-library-1.7.5/ParseFacebookUtils.framework"; sourceTree = "<group>"; };
		CFA504631BBDC8C000CDA342 /* ParseFacebookUtilsV4.framework */ = {isa = PBXFileReference; lastKnownFileType = wrapper.framework; name = ParseFacebookUtilsV4.framework; path = "parse-library-1.7.5/ParseFacebookUtilsV4.framework"; sourceTree = "<group>"; };
		CFA504641BBDC8C000CDA342 /* ParseUI.framework */ = {isa = PBXFileReference; lastKnownFileType = wrapper.framework; name = ParseUI.framework; path = "parse-library-1.7.5/ParseUI.framework"; sourceTree = "<group>"; };
		CFA5046B1BBDC8EC00CDA342 /* AudioToolbox.framework */ = {isa = PBXFileReference; lastKnownFileType = wrapper.framework; name = AudioToolbox.framework; path = System/Library/Frameworks/AudioToolbox.framework; sourceTree = SDKROOT; };
		CFA5046D1BBDC8F500CDA342 /* CFNetwork.framework */ = {isa = PBXFileReference; lastKnownFileType = wrapper.framework; name = CFNetwork.framework; path = System/Library/Frameworks/CFNetwork.framework; sourceTree = SDKROOT; };
		CFA5046F1BBDC8FD00CDA342 /* CoreGraphics.framework */ = {isa = PBXFileReference; lastKnownFileType = wrapper.framework; name = CoreGraphics.framework; path = System/Library/Frameworks/CoreGraphics.framework; sourceTree = SDKROOT; };
		CFA504711BBDC90500CDA342 /* CoreLocation.framework */ = {isa = PBXFileReference; lastKnownFileType = wrapper.framework; name = CoreLocation.framework; path = System/Library/Frameworks/CoreLocation.framework; sourceTree = SDKROOT; };
		CFA504731BBDC90D00CDA342 /* QuartzCore.framework */ = {isa = PBXFileReference; lastKnownFileType = wrapper.framework; name = QuartzCore.framework; path = System/Library/Frameworks/QuartzCore.framework; sourceTree = SDKROOT; };
		CFA504751BBDC91600CDA342 /* Security.framework */ = {isa = PBXFileReference; lastKnownFileType = wrapper.framework; name = Security.framework; path = System/Library/Frameworks/Security.framework; sourceTree = SDKROOT; };
		CFA504771BBDC91D00CDA342 /* StoreKit.framework */ = {isa = PBXFileReference; lastKnownFileType = wrapper.framework; name = StoreKit.framework; path = System/Library/Frameworks/StoreKit.framework; sourceTree = SDKROOT; };
		CFA504791BBDC92500CDA342 /* SystemConfiguration.framework */ = {isa = PBXFileReference; lastKnownFileType = wrapper.framework; name = SystemConfiguration.framework; path = System/Library/Frameworks/SystemConfiguration.framework; sourceTree = SDKROOT; };
		CFA5047B1BBDC93000CDA342 /* libz.tbd */ = {isa = PBXFileReference; lastKnownFileType = "sourcecode.text-based-dylib-definition"; name = libz.tbd; path = usr/lib/libz.tbd; sourceTree = SDKROOT; };
		CFA5047D1BBDC93B00CDA342 /* libsqlite3.tbd */ = {isa = PBXFileReference; lastKnownFileType = "sourcecode.text-based-dylib-definition"; name = libsqlite3.tbd; path = usr/lib/libsqlite3.tbd; sourceTree = SDKROOT; };
		CFA5047F1BBDC94400CDA342 /* Accounts.framework */ = {isa = PBXFileReference; lastKnownFileType = wrapper.framework; name = Accounts.framework; path = System/Library/Frameworks/Accounts.framework; sourceTree = SDKROOT; };
		CFA504811BBDC94A00CDA342 /* Social.framework */ = {isa = PBXFileReference; lastKnownFileType = wrapper.framework; name = Social.framework; path = System/Library/Frameworks/Social.framework; sourceTree = SDKROOT; };
		CFA504831BBDCB5400CDA342 /* EmployeeController.h */ = {isa = PBXFileReference; fileEncoding = 4; lastKnownFileType = sourcecode.c.h; path = EmployeeController.h; sourceTree = "<group>"; };
		CFA504841BBDCB5400CDA342 /* EmployeeController.m */ = {isa = PBXFileReference; fileEncoding = 4; lastKnownFileType = sourcecode.c.objc; path = EmployeeController.m; sourceTree = "<group>"; };
/* End PBXFileReference section */

/* Begin PBXFrameworksBuildPhase section */
		CF829A701B67F2BA0056AC89 /* Frameworks */ = {
			isa = PBXFrameworksBuildPhase;
			buildActionMask = 2147483647;
			files = (
				CFA504821BBDC94A00CDA342 /* Social.framework in Frameworks */,
				CFA504801BBDC94400CDA342 /* Accounts.framework in Frameworks */,
				CFA5047E1BBDC93B00CDA342 /* libsqlite3.tbd in Frameworks */,
				CFA5047C1BBDC93000CDA342 /* libz.tbd in Frameworks */,
				CFA5047A1BBDC92500CDA342 /* SystemConfiguration.framework in Frameworks */,
				CFA504781BBDC91D00CDA342 /* StoreKit.framework in Frameworks */,
				CFA504761BBDC91600CDA342 /* Security.framework in Frameworks */,
				CFA504741BBDC90D00CDA342 /* QuartzCore.framework in Frameworks */,
				CFA504721BBDC90500CDA342 /* CoreLocation.framework in Frameworks */,
				CFA504701BBDC8FD00CDA342 /* CoreGraphics.framework in Frameworks */,
				CFA5046E1BBDC8F500CDA342 /* CFNetwork.framework in Frameworks */,
				CFA5046C1BBDC8EC00CDA342 /* AudioToolbox.framework in Frameworks */,
				CFA504651BBDC8C000CDA342 /* Bolts.framework in Frameworks */,
				CFA504671BBDC8C000CDA342 /* ParseCrashReporting.framework in Frameworks */,
				CFA504691BBDC8C000CDA342 /* ParseFacebookUtilsV4.framework in Frameworks */,
				CFA504681BBDC8C000CDA342 /* ParseFacebookUtils.framework in Frameworks */,
				CFA504571BBDA09000CDA342 /* AddressBookUI.framework in Frameworks */,
				CFA504661BBDC8C000CDA342 /* Parse.framework in Frameworks */,
				CFA5046A1BBDC8C000CDA342 /* ParseUI.framework in Frameworks */,
				CFA504551BBDA08A00CDA342 /* AddressBook.framework in Frameworks */,
			);
			runOnlyForDeploymentPostprocessing = 0;
		};
		CF829A8C1B67F2BA0056AC89 /* Frameworks */ = {
			isa = PBXFrameworksBuildPhase;
			buildActionMask = 2147483647;
			files = (
			);
			runOnlyForDeploymentPostprocessing = 0;
		};
/* End PBXFrameworksBuildPhase section */

/* Begin PBXGroup section */
		CF829A6A1B67F2BA0056AC89 = {
			isa = PBXGroup;
			children = (
				CF829A751B67F2BA0056AC89 /* SmartManager */,
				CF829A921B67F2BA0056AC89 /* SmartManagerTests */,
				CF829A741B67F2BA0056AC89 /* Products */,
			);
			sourceTree = "<group>";
		};
		CF829A741B67F2BA0056AC89 /* Products */ = {
			isa = PBXGroup;
			children = (
				CF829A731B67F2BA0056AC89 /* SmartManager.app */,
				CF829A8F1B67F2BA0056AC89 /* SmartManagerTests.xctest */,
			);
			name = Products;
			sourceTree = "<group>";
		};
		CF829A751B67F2BA0056AC89 /* SmartManager */ = {
			isa = PBXGroup;
			children = (
				CFA504871BBDCB7300CDA342 /* Model */,
				CFA504881BBDCB7B00CDA342 /* Controller */,
				CFA504891BBDCB8400CDA342 /* View */,
				CF829A831B67F2BA0056AC89 /* Main.storyboard */,
				CF829A861B67F2BA0056AC89 /* Images.xcassets */,
				CF829A881B67F2BA0056AC89 /* LaunchScreen.xib */,
				CF829A761B67F2BA0056AC89 /* Supporting Files */,
			);
			path = SmartManager;
			sourceTree = "<group>";
		};
		CF829A761B67F2BA0056AC89 /* Supporting Files */ = {
			isa = PBXGroup;
			children = (
				CFA504811BBDC94A00CDA342 /* Social.framework */,
				CFA5047F1BBDC94400CDA342 /* Accounts.framework */,
				CFA5047D1BBDC93B00CDA342 /* libsqlite3.tbd */,
				CFA5047B1BBDC93000CDA342 /* libz.tbd */,
				CFA504791BBDC92500CDA342 /* SystemConfiguration.framework */,
				CFA504771BBDC91D00CDA342 /* StoreKit.framework */,
				CFA504751BBDC91600CDA342 /* Security.framework */,
				CFA504731BBDC90D00CDA342 /* QuartzCore.framework */,
				CFA504711BBDC90500CDA342 /* CoreLocation.framework */,
				CFA5046F1BBDC8FD00CDA342 /* CoreGraphics.framework */,
				CFA5046D1BBDC8F500CDA342 /* CFNetwork.framework */,
				CFA5046B1BBDC8EC00CDA342 /* AudioToolbox.framework */,
				CFA5045F1BBDC8C000CDA342 /* Bolts.framework */,
				CFA504601BBDC8C000CDA342 /* Parse.framework */,
				CFA504611BBDC8C000CDA342 /* ParseCrashReporting.framework */,
				CFA504621BBDC8C000CDA342 /* ParseFacebookUtils.framework */,
				CFA504631BBDC8C000CDA342 /* ParseFacebookUtilsV4.framework */,
				CFA504641BBDC8C000CDA342 /* ParseUI.framework */,
				CFA5045E1BBDC8C000CDA342 /* parse-library-1.7.5 */,
				CFA504561BBDA09000CDA342 /* AddressBookUI.framework */,
				CFA504541BBDA08A00CDA342 /* AddressBook.framework */,
				CF829A771B67F2BA0056AC89 /* Info.plist */,
				CF829A781B67F2BA0056AC89 /* main.m */,
			);
			name = "Supporting Files";
			sourceTree = "<group>";
		};
		CF829A921B67F2BA0056AC89 /* SmartManagerTests */ = {
			isa = PBXGroup;
			children = (
				CF829A951B67F2BA0056AC89 /* SmartManagerTests.m */,
				CF829A931B67F2BA0056AC89 /* Supporting Files */,
			);
			path = SmartManagerTests;
			sourceTree = "<group>";
		};
		CF829A931B67F2BA0056AC89 /* Supporting Files */ = {
			isa = PBXGroup;
			children = (
				CF829A941B67F2BA0056AC89 /* Info.plist */,
			);
			name = "Supporting Files";
			sourceTree = "<group>";
		};
		CFA5045E1BBDC8C000CDA342 /* parse-library-1.7.5 */ = {
			isa = PBXGroup;
			children = (
			);
			path = "parse-library-1.7.5";
			sourceTree = "<group>";
		};
		CFA504871BBDCB7300CDA342 /* Model */ = {
			isa = PBXGroup;
			children = (
				CFA5045B1BBDC83200CDA342 /* Employee.h */,
				CFA5045C1BBDC83200CDA342 /* Employee.m */,
			);
			name = Model;
			sourceTree = "<group>";
		};
		CFA504881BBDCB7B00CDA342 /* Controller */ = {
			isa = PBXGroup;
			children = (
				CFA504831BBDCB5400CDA342 /* EmployeeController.h */,
				CFA504841BBDCB5400CDA342 /* EmployeeController.m */,
			);
			name = Controller;
			sourceTree = "<group>";
		};
		CFA504891BBDCB8400CDA342 /* View */ = {
			isa = PBXGroup;
			children = (
				CF829A7A1B67F2BA0056AC89 /* AppDelegate.h */,
				CF829A7B1B67F2BA0056AC89 /* AppDelegate.m */,
				CFA504581BBDA1DC00CDA342 /* Appearance.h */,
				CFA504591BBDA1DD00CDA342 /* Appearance.m */,
				CF829A9F1B67F8DF0056AC89 /* MainTableViewController.h */,
				CF829AA01B67F8DF0056AC89 /* MainTableViewController.m */,
				CF829AA21B67F9100056AC89 /* CustomExpandingCell.h */,
				CF829AA31B67F9100056AC89 /* CustomExpandingCell.m */,
				CF829AA51B67FB340056AC89 /* CustomTaskCell.h */,
				CF829AA61B67FB340056AC89 /* CustomTaskCell.m */,
				CFA504511BBD971500CDA342 /* AddTaskViewController.h */,
				CFA504521BBD971500CDA342 /* AddTaskViewController.m */,
				CF829A801B67F2BA0056AC89 /* SecondViewController.h */,
				CF829A811B67F2BA0056AC89 /* SecondViewController.m */,
			);
			name = View;
			sourceTree = "<group>";
		};
/* End PBXGroup section */

/* Begin PBXNativeTarget section */
		CF829A721B67F2BA0056AC89 /* SmartManager */ = {
			isa = PBXNativeTarget;
			buildConfigurationList = CF829A991B67F2BA0056AC89 /* Build configuration list for PBXNativeTarget "SmartManager" */;
			buildPhases = (
				CF829A6F1B67F2BA0056AC89 /* Sources */,
				CF829A701B67F2BA0056AC89 /* Frameworks */,
				CF829A711B67F2BA0056AC89 /* Resources */,
			);
			buildRules = (
			);
			dependencies = (
			);
			name = SmartManager;
			productName = SmartManager;
			productReference = CF829A731B67F2BA0056AC89 /* SmartManager.app */;
			productType = "com.apple.product-type.application";
		};
		CF829A8E1B67F2BA0056AC89 /* SmartManagerTests */ = {
			isa = PBXNativeTarget;
			buildConfigurationList = CF829A9C1B67F2BA0056AC89 /* Build configuration list for PBXNativeTarget "SmartManagerTests" */;
			buildPhases = (
				CF829A8B1B67F2BA0056AC89 /* Sources */,
				CF829A8C1B67F2BA0056AC89 /* Frameworks */,
				CF829A8D1B67F2BA0056AC89 /* Resources */,
			);
			buildRules = (
			);
			dependencies = (
				CF829A911B67F2BA0056AC89 /* PBXTargetDependency */,
			);
			name = SmartManagerTests;
			productName = SmartManagerTests;
			productReference = CF829A8F1B67F2BA0056AC89 /* SmartManagerTests.xctest */;
			productType = "com.apple.product-type.bundle.unit-test";
		};
/* End PBXNativeTarget section */

/* Begin PBXProject section */
		CF829A6B1B67F2BA0056AC89 /* Project object */ = {
			isa = PBXProject;
			attributes = {
				LastUpgradeCheck = 0700;
				ORGANIZATIONNAME = Dalton;
				TargetAttributes = {
					CF829A721B67F2BA0056AC89 = {
						CreatedOnToolsVersion = 6.3;
					};
					CF829A8E1B67F2BA0056AC89 = {
						CreatedOnToolsVersion = 6.3;
						TestTargetID = CF829A721B67F2BA0056AC89;
					};
				};
			};
			buildConfigurationList = CF829A6E1B67F2BA0056AC89 /* Build configuration list for PBXProject "SmartManager" */;
			compatibilityVersion = "Xcode 3.2";
			developmentRegion = English;
			hasScannedForEncodings = 0;
			knownRegions = (
				en,
				Base,
			);
			mainGroup = CF829A6A1B67F2BA0056AC89;
			productRefGroup = CF829A741B67F2BA0056AC89 /* Products */;
			projectDirPath = "";
			projectRoot = "";
			targets = (
				CF829A721B67F2BA0056AC89 /* SmartManager */,
				CF829A8E1B67F2BA0056AC89 /* SmartManagerTests */,
			);
		};
/* End PBXProject section */

/* Begin PBXResourcesBuildPhase section */
		CF829A711B67F2BA0056AC89 /* Resources */ = {
			isa = PBXResourcesBuildPhase;
			buildActionMask = 2147483647;
			files = (
				CF829A851B67F2BA0056AC89 /* Main.storyboard in Resources */,
				CF829A8A1B67F2BA0056AC89 /* LaunchScreen.xib in Resources */,
				CF829A871B67F2BA0056AC89 /* Images.xcassets in Resources */,
			);
			runOnlyForDeploymentPostprocessing = 0;
		};
		CF829A8D1B67F2BA0056AC89 /* Resources */ = {
			isa = PBXResourcesBuildPhase;
			buildActionMask = 2147483647;
			files = (
			);
			runOnlyForDeploymentPostprocessing = 0;
		};
/* End PBXResourcesBuildPhase section */

/* Begin PBXSourcesBuildPhase section */
		CF829A6F1B67F2BA0056AC89 /* Sources */ = {
			isa = PBXSourcesBuildPhase;
			buildActionMask = 2147483647;
			files = (
				CFA504531BBD971500CDA342 /* AddTaskViewController.m in Sources */,
				CF829A821B67F2BA0056AC89 /* SecondViewController.m in Sources */,
				CF829AA41B67F9100056AC89 /* CustomExpandingCell.m in Sources */,
				CFA504851BBDCB5400CDA342 /* EmployeeController.m in Sources */,
				CF829A7C1B67F2BA0056AC89 /* AppDelegate.m in Sources */,
				CF829AA71B67FB340056AC89 /* CustomTaskCell.m in Sources */,
				CF829AA11B67F8DF0056AC89 /* MainTableViewController.m in Sources */,
				CFA5045D1BBDC83200CDA342 /* Employee.m in Sources */,
				CF829A791B67F2BA0056AC89 /* main.m in Sources */,
				CFA5045A1BBDA1DD00CDA342 /* Appearance.m in Sources */,
			);
			runOnlyForDeploymentPostprocessing = 0;
		};
		CF829A8B1B67F2BA0056AC89 /* Sources */ = {
			isa = PBXSourcesBuildPhase;
			buildActionMask = 2147483647;
			files = (
				CF829A961B67F2BA0056AC89 /* SmartManagerTests.m in Sources */,
			);
			runOnlyForDeploymentPostprocessing = 0;
		};
/* End PBXSourcesBuildPhase section */

/* Begin PBXTargetDependency section */
		CF829A911B67F2BA0056AC89 /* PBXTargetDependency */ = {
			isa = PBXTargetDependency;
			target = CF829A721B67F2BA0056AC89 /* SmartManager */;
			targetProxy = CF829A901B67F2BA0056AC89 /* PBXContainerItemProxy */;
		};
/* End PBXTargetDependency section */

/* Begin PBXVariantGroup section */
		CF829A831B67F2BA0056AC89 /* Main.storyboard */ = {
			isa = PBXVariantGroup;
			children = (
				CF829A841B67F2BA0056AC89 /* Base */,
			);
			name = Main.storyboard;
			sourceTree = "<group>";
		};
		CF829A881B67F2BA0056AC89 /* LaunchScreen.xib */ = {
			isa = PBXVariantGroup;
			children = (
				CF829A891B67F2BA0056AC89 /* Base */,
			);
			name = LaunchScreen.xib;
			sourceTree = "<group>";
		};
/* End PBXVariantGroup section */

/* Begin XCBuildConfiguration section */
		CF829A971B67F2BA0056AC89 /* Debug */ = {
			isa = XCBuildConfiguration;
			buildSettings = {
				ALWAYS_SEARCH_USER_PATHS = NO;
				CLANG_CXX_LANGUAGE_STANDARD = "gnu++0x";
				CLANG_CXX_LIBRARY = "libc++";
				CLANG_ENABLE_MODULES = YES;
				CLANG_ENABLE_OBJC_ARC = YES;
				CLANG_WARN_BOOL_CONVERSION = YES;
				CLANG_WARN_CONSTANT_CONVERSION = YES;
				CLANG_WARN_DIRECT_OBJC_ISA_USAGE = YES_ERROR;
				CLANG_WARN_EMPTY_BODY = YES;
				CLANG_WARN_ENUM_CONVERSION = YES;
				CLANG_WARN_INT_CONVERSION = YES;
				CLANG_WARN_OBJC_ROOT_CLASS = YES_ERROR;
				CLANG_WARN_UNREACHABLE_CODE = YES;
				CLANG_WARN__DUPLICATE_METHOD_MATCH = YES;
				"CODE_SIGN_IDENTITY[sdk=iphoneos*]" = "iPhone Developer";
				COPY_PHASE_STRIP = NO;
				DEBUG_INFORMATION_FORMAT = "dwarf-with-dsym";
				ENABLE_STRICT_OBJC_MSGSEND = YES;
				ENABLE_TESTABILITY = YES;
				GCC_C_LANGUAGE_STANDARD = gnu99;
				GCC_DYNAMIC_NO_PIC = NO;
				GCC_NO_COMMON_BLOCKS = YES;
				GCC_OPTIMIZATION_LEVEL = 0;
				GCC_PREPROCESSOR_DEFINITIONS = (
					"DEBUG=1",
					"$(inherited)",
				);
				GCC_SYMBOLS_PRIVATE_EXTERN = NO;
				GCC_WARN_64_TO_32_BIT_CONVERSION = YES;
				GCC_WARN_ABOUT_RETURN_TYPE = YES_ERROR;
				GCC_WARN_UNDECLARED_SELECTOR = YES;
				GCC_WARN_UNINITIALIZED_AUTOS = YES_AGGRESSIVE;
				GCC_WARN_UNUSED_FUNCTION = YES;
				GCC_WARN_UNUSED_VARIABLE = YES;
				IPHONEOS_DEPLOYMENT_TARGET = 8.3;
				MTL_ENABLE_DEBUG_INFO = YES;
				ONLY_ACTIVE_ARCH = YES;
				SDKROOT = iphoneos;
			};
			name = Debug;
		};
		CF829A981B67F2BA0056AC89 /* Release */ = {
			isa = XCBuildConfiguration;
			buildSettings = {
				ALWAYS_SEARCH_USER_PATHS = NO;
				CLANG_CXX_LANGUAGE_STANDARD = "gnu++0x";
				CLANG_CXX_LIBRARY = "libc++";
				CLANG_ENABLE_MODULES = YES;
				CLANG_ENABLE_OBJC_ARC = YES;
				CLANG_WARN_BOOL_CONVERSION = YES;
				CLANG_WARN_CONSTANT_CONVERSION = YES;
				CLANG_WARN_DIRECT_OBJC_ISA_USAGE = YES_ERROR;
				CLANG_WARN_EMPTY_BODY = YES;
				CLANG_WARN_ENUM_CONVERSION = YES;
				CLANG_WARN_INT_CONVERSION = YES;
				CLANG_WARN_OBJC_ROOT_CLASS = YES_ERROR;
				CLANG_WARN_UNREACHABLE_CODE = YES;
				CLANG_WARN__DUPLICATE_METHOD_MATCH = YES;
				"CODE_SIGN_IDENTITY[sdk=iphoneos*]" = "iPhone Developer";
				COPY_PHASE_STRIP = NO;
				DEBUG_INFORMATION_FORMAT = "dwarf-with-dsym";
				ENABLE_NS_ASSERTIONS = NO;
				ENABLE_STRICT_OBJC_MSGSEND = YES;
				GCC_C_LANGUAGE_STANDARD = gnu99;
				GCC_NO_COMMON_BLOCKS = YES;
				GCC_WARN_64_TO_32_BIT_CONVERSION = YES;
				GCC_WARN_ABOUT_RETURN_TYPE = YES_ERROR;
				GCC_WARN_UNDECLARED_SELECTOR = YES;
				GCC_WARN_UNINITIALIZED_AUTOS = YES_AGGRESSIVE;
				GCC_WARN_UNUSED_FUNCTION = YES;
				GCC_WARN_UNUSED_VARIABLE = YES;
				IPHONEOS_DEPLOYMENT_TARGET = 8.3;
				MTL_ENABLE_DEBUG_INFO = NO;
				SDKROOT = iphoneos;
				VALIDATE_PRODUCT = YES;
			};
			name = Release;
		};
		CF829A9A1B67F2BA0056AC89 /* Debug */ = {
			isa = XCBuildConfiguration;
			buildSettings = {
				ASSETCATALOG_COMPILER_APPICON_NAME = AppIcon;
				ENABLE_BITCODE = NO;
				FRAMEWORK_SEARCH_PATHS = (
					"$(inherited)",
					"$(PROJECT_DIR)/SmartManager/parse-library-1.7.5",
				);
				INFOPLIST_FILE = SmartManager/Info.plist;
				LD_RUNPATH_SEARCH_PATHS = "$(inherited) @executable_path/Frameworks";
				PRODUCT_BUNDLE_IDENTIFIER = "com.dalton.$(PRODUCT_NAME:rfc1034identifier)";
				PRODUCT_NAME = "$(TARGET_NAME)";
			};
			name = Debug;
		};
		CF829A9B1B67F2BA0056AC89 /* Release */ = {
			isa = XCBuildConfiguration;
			buildSettings = {
				ASSETCATALOG_COMPILER_APPICON_NAME = AppIcon;
				ENABLE_BITCODE = NO;
				FRAMEWORK_SEARCH_PATHS = (
					"$(inherited)",
					"$(PROJECT_DIR)/SmartManager/parse-library-1.7.5",
				);
				INFOPLIST_FILE = SmartManager/Info.plist;
				LD_RUNPATH_SEARCH_PATHS = "$(inherited) @executable_path/Frameworks";
				PRODUCT_BUNDLE_IDENTIFIER = "com.dalton.$(PRODUCT_NAME:rfc1034identifier)";
				PRODUCT_NAME = "$(TARGET_NAME)";
			};
			name = Release;
		};
		CF829A9D1B67F2BA0056AC89 /* Debug */ = {
			isa = XCBuildConfiguration;
			buildSettings = {
				BUNDLE_LOADER = "$(TEST_HOST)";
				FRAMEWORK_SEARCH_PATHS = (
					"$(SDKROOT)/Developer/Library/Frameworks",
					"$(inherited)",
				);
				GCC_PREPROCESSOR_DEFINITIONS = (
					"DEBUG=1",
					"$(inherited)",
				);
				INFOPLIST_FILE = SmartManagerTests/Info.plist;
				LD_RUNPATH_SEARCH_PATHS = "$(inherited) @executable_path/Frameworks @loader_path/Frameworks";
				PRODUCT_BUNDLE_IDENTIFIER = "com.dalton.$(PRODUCT_NAME:rfc1034identifier)";
				PRODUCT_NAME = "$(TARGET_NAME)";
				TEST_HOST = "$(BUILT_PRODUCTS_DIR)/SmartManager.app/SmartManager";
			};
			name = Debug;
		};
		CF829A9E1B67F2BA0056AC89 /* Release */ = {
			isa = XCBuildConfiguration;
			buildSettings = {
				BUNDLE_LOADER = "$(TEST_HOST)";
				FRAMEWORK_SEARCH_PATHS = (
					"$(SDKROOT)/Developer/Library/Frameworks",
					"$(inherited)",
				);
				INFOPLIST_FILE = SmartManagerTests/Info.plist;
				LD_RUNPATH_SEARCH_PATHS = "$(inherited) @executable_path/Frameworks @loader_path/Frameworks";
				PRODUCT_BUNDLE_IDENTIFIER = "com.dalton.$(PRODUCT_NAME:rfc1034identifier)";
				PRODUCT_NAME = "$(TARGET_NAME)";
				TEST_HOST = "$(BUILT_PRODUCTS_DIR)/SmartManager.app/SmartManager";
			};
			name = Release;
		};
/* End XCBuildConfiguration section */

/* Begin XCConfigurationList section */
		CF829A6E1B67F2BA0056AC89 /* Build configuration list for PBXProject "SmartManager" */ = {
			isa = XCConfigurationList;
			buildConfigurations = (
				CF829A971B67F2BA0056AC89 /* Debug */,
				CF829A981B67F2BA0056AC89 /* Release */,
			);
			defaultConfigurationIsVisible = 0;
			defaultConfigurationName = Release;
		};
		CF829A991B67F2BA0056AC89 /* Build configuration list for PBXNativeTarget "SmartManager" */ = {
			isa = XCConfigurationList;
			buildConfigurations = (
				CF829A9A1B67F2BA0056AC89 /* Debug */,
				CF829A9B1B67F2BA0056AC89 /* Release */,
			);
			defaultConfigurationIsVisible = 0;
			defaultConfigurationName = Release;
		};
		CF829A9C1B67F2BA0056AC89 /* Build configuration list for PBXNativeTarget "SmartManagerTests" */ = {
			isa = XCConfigurationList;
			buildConfigurations = (
				CF829A9D1B67F2BA0056AC89 /* Debug */,
				CF829A9E1B67F2BA0056AC89 /* Release */,
			);
			defaultConfigurationIsVisible = 0;
			defaultConfigurationName = Release;
		};
/* End XCConfigurationList section */
	};
	rootObject = CF829A6B1B67F2BA0056AC89 /* Project object */;
}
